
Microsoft Visual Studio Solution File, Format Version 12.00
# Visual Studio Version 17
VisualStudioVersion = 17.1.32328.378
MinimumVisualStudioVersion = 10.0.40219.1
Project("{FAE04EC0-301F-11D3-BF4B-00C04F79EFBC}") = "Generics", "Generics.csproj", "{8FB3BD42-ABBB-4C7E-93F1-8D75614AA68A}"
EndProject
Global
	GlobalSection(SolutionConfigurationPlatforms) = preSolution
		Debug|Any CPU = Debug|Any CPU
		Release|Any CPU = Release|Any CPU
	EndGlobalSection
	GlobalSection(ProjectConfigurationPlatforms) = postSolution
		{8FB3BD42-ABBB-4C7E-93F1-8D75614AA68A}.Debug|Any CPU.ActiveCfg = Debug|Any CPU
		{8FB3BD42-ABBB-4C7E-93F1-8D75614AA68A}.Debug|Any CPU.Build.0 = Debug|Any CPU
		{8FB3BD42-ABBB-4C7E-93F1-8D75614AA68A}.Release|Any CPU.ActiveCfg = Release|Any CPU
		{8FB3BD42-ABBB-4C7E-93F1-8D75614AA68A}.Release|Any CPU.Build.0 = Release|Any CPU
	EndGlobalSection
	GlobalSection(SolutionProperties) = preSolution
		HideSolutionNode = FALSE
	EndGlobalSection
	GlobalSection(ExtensibilityGlobals) = postSolution
		SolutionGuid = {E415F2C3-CF6E-47E5-9E80-18FC38A765A5}
	EndGlobalSection
EndGlobal
